# This file is automatically @generated by Poetry 2.1.2 and should not be changed by hand.

[[package]]
name = "hupper"
version = "1.12.1"
description = "Integrated process monitor for developing and reloading daemons."
optional = false
python-versions = ">=3.7"
groups = ["main"]
files = [
    {file = "hupper-1.12.1-py3-none-any.whl", hash = "sha256:e872b959f09d90be5fb615bd2e62de89a0b57efc037bdf9637fb09cdf8552b19"},
    {file = "hupper-1.12.1.tar.gz", hash = "sha256:06bf54170ff4ecf4c84ad5f188dee3901173ab449c2608ad05b9bfd6b13e32eb"},
]

[package.extras]
docs = ["Sphinx", "pylons-sphinx-themes", "setuptools", "watchdog"]
testing = ["mock", "pytest", "pytest-cov", "watchdog"]

[metadata]
lock-version = "2.1"
python-versions = ">=3.13"
content-hash = "ba1751fb2822886e1f3d3734fad25a113b618133866e89476f6a332320d81464"
